<?xml version="1.0" encoding="utf-8"?>
<Project ToolsVersion="4.0" xmlns="http://schemas.microsoft.com/developer/msbuild/2003">
  <ItemGroup>
    <Filter Include="Source Files">
      <UniqueIdentifier>{4FC737F1-C7A5-4376-A066-2A32D752A2FF}</UniqueIdentifier>
      <Extensions>cpp;c;cc;cxx;c++;cppm;ixx;def;odl;idl;hpj;bat;asm;asmx</Extensions>
    </Filter>
    <Filter Include="Header Files">
      <UniqueIdentifier>{93995380-89BD-4b04-88EB-625FBE52EBFB}</UniqueIdentifier>
      <Extensions>h;hh;hpp;hxx;h++;hm;inl;inc;ipp;xsd</Extensions>
    </Filter>
    <Filter Include="Source Files\3rdParty">
      <UniqueIdentifier>{f90a0a95-426b-4279-9f1e-2cf4e5a38ef8}</UniqueIdentifier>
    </Filter>
    <Filter Include="Source Files\3rdParty\Detours">
      <UniqueIdentifier>{7379803f-572b-4f5d-b2cf-dc05f0fe9419}</UniqueIdentifier>
    </Filter>
  </ItemGroup>
  <ItemGroup>
    <ClInclude Include="SporeModLoader.hpp">
      <Filter>Header Files</Filter>
    </ClInclude>
    <ClInclude Include="SporeModLoaderHelpers.hpp">
      <Filter>Header Files</Filter>
    </ClInclude>
    <ClInclude Include="resource.h">
      <Filter>Header Files</Filter>
    </ClInclude>
    <ClInclude Include="..\version.h">
      <Filter>Header Files</Filter>
    </ClInclude>
  </ItemGroup>
  <ItemGroup>
    <ClCompile Include="SporeModLoader.cpp">
      <Filter>Source Files</Filter>
    </ClCompile>
    <ClCompile Include="dllmain.cpp">
      <Filter>Source Files</Filter>
    </ClCompile>
    <ClCompile Include="SporeModLoaderHelpers.cpp">
      <Filter>Source Files</Filter>
    </ClCompile>
    <ClCompile Include="..\3rdParty\Detours\src\creatwth.cpp">
      <Filter>Source Files\3rdParty\Detours</Filter>
    </ClCompile>
    <ClCompile Include="..\3rdParty\Detours\src\detours.cpp">
      <Filter>Source Files\3rdParty\Detours</Filter>
    </ClCompile>
    <ClCompile Include="..\3rdParty\Detours\src\disasm.cpp">
      <Filter>Source Files\3rdParty\Detours</Filter>
    </ClCompile>
    <ClCompile Include="..\3rdParty\Detours\src\disolx86.cpp">
      <Filter>Source Files\3rdParty\Detours</Filter>
    </ClCompile>
    <ClCompile Include="..\3rdParty\Detours\src\image.cpp">
      <Filter>Source Files\3rdParty\Detours</Filter>
    </ClCompile>
    <ClCompile Include="..\3rdParty\Detours\src\modules.cpp">
      <Filter>Source Files\3rdParty\Detours</Filter>
    </ClCompile>
  </ItemGroup>
  <ItemGroup>
    <None Include="dllmain.def">
      <Filter>Source Files</Filter>
    </None>
  </ItemGroup>
  <ItemGroup>
    <ResourceCompile Include="version.rc">
      <Filter>Source Files</Filter>
    </ResourceCompile>
  </ItemGroup>
</Project>