
Microsoft Visual Studio Solution File, Format Version 12.00
# Visual Studio Version 17
VisualStudioVersion = 17.0.31912.275
MinimumVisualStudioVersion = 10.0.40219.1
Project("{8BC9CEB8-8B4A-11D0-8D11-00A0C91BC942}") = "SporeModLoader", "SporeModLoader\SporeModLoader.vcxproj", "{AD9120DA-E42B-4563-A307-B5A155CC25C0}"
EndProject
Project("{8BC9CEB8-8B4A-11D0-8D11-00A0C91BC942}") = "SporeModManager", "SporeModManager\SporeModManager.vcxproj", "{7D7E065A-3A61-434F-98CB-363031BE4481}"
EndProject
Global
	GlobalSection(SolutionConfigurationPlatforms) = preSolution
		Debug|x86 = Debug|x86
		Release|x86 = Release|x86
	EndGlobalSection
	GlobalSection(ProjectConfigurationPlatforms) = postSolution
		{AD9120DA-E42B-4563-A307-B5A155CC25C0}.Debug|x86.ActiveCfg = Debug|Win32
		{AD9120DA-E42B-4563-A307-B5A155CC25C0}.Debug|x86.Build.0 = Debug|Win32
		{AD9120DA-E42B-4563-A307-B5A155CC25C0}.Release|x86.ActiveCfg = Release|Win32
		{AD9120DA-E42B-4563-A307-B5A155CC25C0}.Release|x86.Build.0 = Release|Win32
		{7D7E065A-3A61-434F-98CB-363031BE4481}.Debug|x86.ActiveCfg = Debug|Win32
		{7D7E065A-3A61-434F-98CB-363031BE4481}.Debug|x86.Build.0 = Debug|Win32
		{7D7E065A-3A61-434F-98CB-363031BE4481}.Release|x86.ActiveCfg = Release|Win32
		{7D7E065A-3A61-434F-98CB-363031BE4481}.Release|x86.Build.0 = Release|Win32
	EndGlobalSection
	GlobalSection(SolutionProperties) = preSolution
		HideSolutionNode = FALSE
	EndGlobalSection
	GlobalSection(ExtensibilityGlobals) = postSolution
		SolutionGuid = {F4AC3F68-11E5-4964-9284-7BB68D22E9EA}
	EndGlobalSection
EndGlobal
