
Microsoft Visual Studio Solution File, Format Version 12.00
# Visual Studio Version 17
VisualStudioVersion = 17.0.31912.275
MinimumVisualStudioVersion = 10.0.40219.1
Project("{8BC9CEB8-8B4A-11D0-8D11-00A0C91BC942}") = "SporeModLoader", "SporeModLoader\SporeModLoader.vcxproj", "{AD9120DA-E42B-4563-A307-B5A155CC25C0}"
	ProjectSection(ProjectDependencies) = postProject
		{37489709-8054-4903-9C49-A79846049FC9} = {37489709-8054-4903-9C49-A79846049FC9}
	EndProjectSection
EndProject
Project("{8BC9CEB8-8B4A-11D0-8D11-00A0C91BC942}") = "Detours", "Detours\vc\Detours.vcxproj", "{37489709-8054-4903-9C49-A79846049FC9}"
EndProject
Project("{FAE04EC0-301F-11D3-BF4B-00C04F79EFBC}") = "SporeModManager", "SporeModManager\SporeModManager.csproj", "{79DE9382-1D2D-4D7C-B1C3-4AAA0B8FD3FC}"
EndProject
Global
	GlobalSection(SolutionConfigurationPlatforms) = preSolution
		Debug|Any CPU = Debug|Any CPU
		Debug|ARM = Debug|ARM
		Debug|ARM64 = Debug|ARM64
		Debug|x64 = Debug|x64
		Debug|x86 = Debug|x86
		DebugMDd|Any CPU = DebugMDd|Any CPU
		DebugMDd|ARM = DebugMDd|ARM
		DebugMDd|ARM64 = DebugMDd|ARM64
		DebugMDd|x64 = DebugMDd|x64
		DebugMDd|x86 = DebugMDd|x86
		Release|Any CPU = Release|Any CPU
		Release|ARM = Release|ARM
		Release|ARM64 = Release|ARM64
		Release|x64 = Release|x64
		Release|x86 = Release|x86
		ReleaseMD|Any CPU = ReleaseMD|Any CPU
		ReleaseMD|ARM = ReleaseMD|ARM
		ReleaseMD|ARM64 = ReleaseMD|ARM64
		ReleaseMD|x64 = ReleaseMD|x64
		ReleaseMD|x86 = ReleaseMD|x86
	EndGlobalSection
	GlobalSection(ProjectConfigurationPlatforms) = postSolution
		{AD9120DA-E42B-4563-A307-B5A155CC25C0}.Debug|Any CPU.ActiveCfg = Debug|x64
		{AD9120DA-E42B-4563-A307-B5A155CC25C0}.Debug|Any CPU.Build.0 = Debug|x64
		{AD9120DA-E42B-4563-A307-B5A155CC25C0}.Debug|ARM.ActiveCfg = Debug|x64
		{AD9120DA-E42B-4563-A307-B5A155CC25C0}.Debug|ARM.Build.0 = Debug|x64
		{AD9120DA-E42B-4563-A307-B5A155CC25C0}.Debug|ARM64.ActiveCfg = Debug|x64
		{AD9120DA-E42B-4563-A307-B5A155CC25C0}.Debug|ARM64.Build.0 = Debug|x64
		{AD9120DA-E42B-4563-A307-B5A155CC25C0}.Debug|x64.ActiveCfg = Debug|x64
		{AD9120DA-E42B-4563-A307-B5A155CC25C0}.Debug|x64.Build.0 = Debug|x64
		{AD9120DA-E42B-4563-A307-B5A155CC25C0}.Debug|x86.ActiveCfg = Debug|Win32
		{AD9120DA-E42B-4563-A307-B5A155CC25C0}.Debug|x86.Build.0 = Debug|Win32
		{AD9120DA-E42B-4563-A307-B5A155CC25C0}.DebugMDd|Any CPU.ActiveCfg = Release|Win32
		{AD9120DA-E42B-4563-A307-B5A155CC25C0}.DebugMDd|Any CPU.Build.0 = Release|Win32
		{AD9120DA-E42B-4563-A307-B5A155CC25C0}.DebugMDd|ARM.ActiveCfg = Debug|Win32
		{AD9120DA-E42B-4563-A307-B5A155CC25C0}.DebugMDd|ARM.Build.0 = Debug|Win32
		{AD9120DA-E42B-4563-A307-B5A155CC25C0}.DebugMDd|ARM64.ActiveCfg = Debug|Win32
		{AD9120DA-E42B-4563-A307-B5A155CC25C0}.DebugMDd|ARM64.Build.0 = Debug|Win32
		{AD9120DA-E42B-4563-A307-B5A155CC25C0}.DebugMDd|x64.ActiveCfg = Debug|x64
		{AD9120DA-E42B-4563-A307-B5A155CC25C0}.DebugMDd|x64.Build.0 = Debug|x64
		{AD9120DA-E42B-4563-A307-B5A155CC25C0}.DebugMDd|x86.ActiveCfg = Debug|Win32
		{AD9120DA-E42B-4563-A307-B5A155CC25C0}.DebugMDd|x86.Build.0 = Debug|Win32
		{AD9120DA-E42B-4563-A307-B5A155CC25C0}.Release|Any CPU.ActiveCfg = Release|x64
		{AD9120DA-E42B-4563-A307-B5A155CC25C0}.Release|Any CPU.Build.0 = Release|x64
		{AD9120DA-E42B-4563-A307-B5A155CC25C0}.Release|ARM.ActiveCfg = Release|x64
		{AD9120DA-E42B-4563-A307-B5A155CC25C0}.Release|ARM.Build.0 = Release|x64
		{AD9120DA-E42B-4563-A307-B5A155CC25C0}.Release|ARM64.ActiveCfg = Release|x64
		{AD9120DA-E42B-4563-A307-B5A155CC25C0}.Release|ARM64.Build.0 = Release|x64
		{AD9120DA-E42B-4563-A307-B5A155CC25C0}.Release|x64.ActiveCfg = Release|x64
		{AD9120DA-E42B-4563-A307-B5A155CC25C0}.Release|x64.Build.0 = Release|x64
		{AD9120DA-E42B-4563-A307-B5A155CC25C0}.Release|x86.ActiveCfg = Release|Win32
		{AD9120DA-E42B-4563-A307-B5A155CC25C0}.Release|x86.Build.0 = Release|Win32
		{AD9120DA-E42B-4563-A307-B5A155CC25C0}.ReleaseMD|Any CPU.ActiveCfg = Release|Win32
		{AD9120DA-E42B-4563-A307-B5A155CC25C0}.ReleaseMD|Any CPU.Build.0 = Release|Win32
		{AD9120DA-E42B-4563-A307-B5A155CC25C0}.ReleaseMD|ARM.ActiveCfg = Debug|Win32
		{AD9120DA-E42B-4563-A307-B5A155CC25C0}.ReleaseMD|ARM.Build.0 = Debug|Win32
		{AD9120DA-E42B-4563-A307-B5A155CC25C0}.ReleaseMD|ARM64.ActiveCfg = Debug|Win32
		{AD9120DA-E42B-4563-A307-B5A155CC25C0}.ReleaseMD|ARM64.Build.0 = Debug|Win32
		{AD9120DA-E42B-4563-A307-B5A155CC25C0}.ReleaseMD|x64.ActiveCfg = Release|x64
		{AD9120DA-E42B-4563-A307-B5A155CC25C0}.ReleaseMD|x64.Build.0 = Release|x64
		{AD9120DA-E42B-4563-A307-B5A155CC25C0}.ReleaseMD|x86.ActiveCfg = Release|Win32
		{AD9120DA-E42B-4563-A307-B5A155CC25C0}.ReleaseMD|x86.Build.0 = Release|Win32
		{37489709-8054-4903-9C49-A79846049FC9}.Debug|Any CPU.ActiveCfg = ReleaseMD|Win32
		{37489709-8054-4903-9C49-A79846049FC9}.Debug|Any CPU.Build.0 = ReleaseMD|Win32
		{37489709-8054-4903-9C49-A79846049FC9}.Debug|ARM.ActiveCfg = DebugMDd|ARM
		{37489709-8054-4903-9C49-A79846049FC9}.Debug|ARM.Build.0 = DebugMDd|ARM
		{37489709-8054-4903-9C49-A79846049FC9}.Debug|ARM64.ActiveCfg = DebugMDd|ARM64
		{37489709-8054-4903-9C49-A79846049FC9}.Debug|ARM64.Build.0 = DebugMDd|ARM64
		{37489709-8054-4903-9C49-A79846049FC9}.Debug|x64.ActiveCfg = DebugMDd|x64
		{37489709-8054-4903-9C49-A79846049FC9}.Debug|x64.Build.0 = DebugMDd|x64
		{37489709-8054-4903-9C49-A79846049FC9}.Debug|x86.ActiveCfg = DebugMDd|Win32
		{37489709-8054-4903-9C49-A79846049FC9}.Debug|x86.Build.0 = DebugMDd|Win32
		{37489709-8054-4903-9C49-A79846049FC9}.DebugMDd|Any CPU.ActiveCfg = DebugMDd|x64
		{37489709-8054-4903-9C49-A79846049FC9}.DebugMDd|Any CPU.Build.0 = DebugMDd|x64
		{37489709-8054-4903-9C49-A79846049FC9}.DebugMDd|ARM.ActiveCfg = DebugMDd|ARM
		{37489709-8054-4903-9C49-A79846049FC9}.DebugMDd|ARM.Build.0 = DebugMDd|ARM
		{37489709-8054-4903-9C49-A79846049FC9}.DebugMDd|ARM64.ActiveCfg = DebugMDd|ARM64
		{37489709-8054-4903-9C49-A79846049FC9}.DebugMDd|ARM64.Build.0 = DebugMDd|ARM64
		{37489709-8054-4903-9C49-A79846049FC9}.DebugMDd|x64.ActiveCfg = DebugMDd|x64
		{37489709-8054-4903-9C49-A79846049FC9}.DebugMDd|x64.Build.0 = DebugMDd|x64
		{37489709-8054-4903-9C49-A79846049FC9}.DebugMDd|x86.ActiveCfg = DebugMDd|Win32
		{37489709-8054-4903-9C49-A79846049FC9}.DebugMDd|x86.Build.0 = DebugMDd|Win32
		{37489709-8054-4903-9C49-A79846049FC9}.Release|Any CPU.ActiveCfg = ReleaseMD|Win32
		{37489709-8054-4903-9C49-A79846049FC9}.Release|Any CPU.Build.0 = ReleaseMD|Win32
		{37489709-8054-4903-9C49-A79846049FC9}.Release|ARM.ActiveCfg = ReleaseMD|ARM
		{37489709-8054-4903-9C49-A79846049FC9}.Release|ARM.Build.0 = ReleaseMD|ARM
		{37489709-8054-4903-9C49-A79846049FC9}.Release|ARM64.ActiveCfg = ReleaseMD|ARM64
		{37489709-8054-4903-9C49-A79846049FC9}.Release|ARM64.Build.0 = ReleaseMD|ARM64
		{37489709-8054-4903-9C49-A79846049FC9}.Release|x64.ActiveCfg = ReleaseMD|x64
		{37489709-8054-4903-9C49-A79846049FC9}.Release|x64.Build.0 = ReleaseMD|x64
		{37489709-8054-4903-9C49-A79846049FC9}.Release|x86.ActiveCfg = ReleaseMD|Win32
		{37489709-8054-4903-9C49-A79846049FC9}.Release|x86.Build.0 = ReleaseMD|Win32
		{37489709-8054-4903-9C49-A79846049FC9}.ReleaseMD|Any CPU.ActiveCfg = ReleaseMD|x64
		{37489709-8054-4903-9C49-A79846049FC9}.ReleaseMD|Any CPU.Build.0 = ReleaseMD|x64
		{37489709-8054-4903-9C49-A79846049FC9}.ReleaseMD|ARM.ActiveCfg = ReleaseMD|ARM
		{37489709-8054-4903-9C49-A79846049FC9}.ReleaseMD|ARM.Build.0 = ReleaseMD|ARM
		{37489709-8054-4903-9C49-A79846049FC9}.ReleaseMD|ARM64.ActiveCfg = ReleaseMD|ARM64
		{37489709-8054-4903-9C49-A79846049FC9}.ReleaseMD|ARM64.Build.0 = ReleaseMD|ARM64
		{37489709-8054-4903-9C49-A79846049FC9}.ReleaseMD|x64.ActiveCfg = ReleaseMD|x64
		{37489709-8054-4903-9C49-A79846049FC9}.ReleaseMD|x64.Build.0 = ReleaseMD|x64
		{37489709-8054-4903-9C49-A79846049FC9}.ReleaseMD|x86.ActiveCfg = ReleaseMD|Win32
		{37489709-8054-4903-9C49-A79846049FC9}.ReleaseMD|x86.Build.0 = ReleaseMD|Win32
		{79DE9382-1D2D-4D7C-B1C3-4AAA0B8FD3FC}.Debug|Any CPU.ActiveCfg = Debug|Any CPU
		{79DE9382-1D2D-4D7C-B1C3-4AAA0B8FD3FC}.Debug|Any CPU.Build.0 = Debug|Any CPU
		{79DE9382-1D2D-4D7C-B1C3-4AAA0B8FD3FC}.Debug|ARM.ActiveCfg = Debug|Any CPU
		{79DE9382-1D2D-4D7C-B1C3-4AAA0B8FD3FC}.Debug|ARM.Build.0 = Debug|Any CPU
		{79DE9382-1D2D-4D7C-B1C3-4AAA0B8FD3FC}.Debug|ARM64.ActiveCfg = Debug|Any CPU
		{79DE9382-1D2D-4D7C-B1C3-4AAA0B8FD3FC}.Debug|ARM64.Build.0 = Debug|Any CPU
		{79DE9382-1D2D-4D7C-B1C3-4AAA0B8FD3FC}.Debug|x64.ActiveCfg = Debug|Any CPU
		{79DE9382-1D2D-4D7C-B1C3-4AAA0B8FD3FC}.Debug|x64.Build.0 = Debug|Any CPU
		{79DE9382-1D2D-4D7C-B1C3-4AAA0B8FD3FC}.Debug|x86.ActiveCfg = Debug|Any CPU
		{79DE9382-1D2D-4D7C-B1C3-4AAA0B8FD3FC}.Debug|x86.Build.0 = Debug|Any CPU
		{79DE9382-1D2D-4D7C-B1C3-4AAA0B8FD3FC}.DebugMDd|Any CPU.ActiveCfg = Debug|Any CPU
		{79DE9382-1D2D-4D7C-B1C3-4AAA0B8FD3FC}.DebugMDd|Any CPU.Build.0 = Debug|Any CPU
		{79DE9382-1D2D-4D7C-B1C3-4AAA0B8FD3FC}.DebugMDd|ARM.ActiveCfg = Debug|Any CPU
		{79DE9382-1D2D-4D7C-B1C3-4AAA0B8FD3FC}.DebugMDd|ARM.Build.0 = Debug|Any CPU
		{79DE9382-1D2D-4D7C-B1C3-4AAA0B8FD3FC}.DebugMDd|ARM64.ActiveCfg = Debug|Any CPU
		{79DE9382-1D2D-4D7C-B1C3-4AAA0B8FD3FC}.DebugMDd|ARM64.Build.0 = Debug|Any CPU
		{79DE9382-1D2D-4D7C-B1C3-4AAA0B8FD3FC}.DebugMDd|x64.ActiveCfg = Debug|Any CPU
		{79DE9382-1D2D-4D7C-B1C3-4AAA0B8FD3FC}.DebugMDd|x64.Build.0 = Debug|Any CPU
		{79DE9382-1D2D-4D7C-B1C3-4AAA0B8FD3FC}.DebugMDd|x86.ActiveCfg = Debug|Any CPU
		{79DE9382-1D2D-4D7C-B1C3-4AAA0B8FD3FC}.DebugMDd|x86.Build.0 = Debug|Any CPU
		{79DE9382-1D2D-4D7C-B1C3-4AAA0B8FD3FC}.Release|Any CPU.ActiveCfg = Release|Any CPU
		{79DE9382-1D2D-4D7C-B1C3-4AAA0B8FD3FC}.Release|Any CPU.Build.0 = Release|Any CPU
		{79DE9382-1D2D-4D7C-B1C3-4AAA0B8FD3FC}.Release|ARM.ActiveCfg = Release|Any CPU
		{79DE9382-1D2D-4D7C-B1C3-4AAA0B8FD3FC}.Release|ARM.Build.0 = Release|Any CPU
		{79DE9382-1D2D-4D7C-B1C3-4AAA0B8FD3FC}.Release|ARM64.ActiveCfg = Release|Any CPU
		{79DE9382-1D2D-4D7C-B1C3-4AAA0B8FD3FC}.Release|ARM64.Build.0 = Release|Any CPU
		{79DE9382-1D2D-4D7C-B1C3-4AAA0B8FD3FC}.Release|x64.ActiveCfg = Release|Any CPU
		{79DE9382-1D2D-4D7C-B1C3-4AAA0B8FD3FC}.Release|x64.Build.0 = Release|Any CPU
		{79DE9382-1D2D-4D7C-B1C3-4AAA0B8FD3FC}.Release|x86.ActiveCfg = Release|Any CPU
		{79DE9382-1D2D-4D7C-B1C3-4AAA0B8FD3FC}.Release|x86.Build.0 = Release|Any CPU
		{79DE9382-1D2D-4D7C-B1C3-4AAA0B8FD3FC}.ReleaseMD|Any CPU.ActiveCfg = Release|Any CPU
		{79DE9382-1D2D-4D7C-B1C3-4AAA0B8FD3FC}.ReleaseMD|Any CPU.Build.0 = Release|Any CPU
		{79DE9382-1D2D-4D7C-B1C3-4AAA0B8FD3FC}.ReleaseMD|ARM.ActiveCfg = Release|Any CPU
		{79DE9382-1D2D-4D7C-B1C3-4AAA0B8FD3FC}.ReleaseMD|ARM.Build.0 = Release|Any CPU
		{79DE9382-1D2D-4D7C-B1C3-4AAA0B8FD3FC}.ReleaseMD|ARM64.ActiveCfg = Release|Any CPU
		{79DE9382-1D2D-4D7C-B1C3-4AAA0B8FD3FC}.ReleaseMD|ARM64.Build.0 = Release|Any CPU
		{79DE9382-1D2D-4D7C-B1C3-4AAA0B8FD3FC}.ReleaseMD|x64.ActiveCfg = Release|Any CPU
		{79DE9382-1D2D-4D7C-B1C3-4AAA0B8FD3FC}.ReleaseMD|x64.Build.0 = Release|Any CPU
		{79DE9382-1D2D-4D7C-B1C3-4AAA0B8FD3FC}.ReleaseMD|x86.ActiveCfg = Release|Any CPU
		{79DE9382-1D2D-4D7C-B1C3-4AAA0B8FD3FC}.ReleaseMD|x86.Build.0 = Release|Any CPU
	EndGlobalSection
	GlobalSection(SolutionProperties) = preSolution
		HideSolutionNode = FALSE
	EndGlobalSection
	GlobalSection(ExtensibilityGlobals) = postSolution
		SolutionGuid = {F4AC3F68-11E5-4964-9284-7BB68D22E9EA}
	EndGlobalSection
EndGlobal
