<?xml version="1.0" encoding="utf-8"?>
<Project ToolsVersion="4.0" xmlns="http://schemas.microsoft.com/developer/msbuild/2003">
  <ItemGroup>
    <Filter Include="Source Files">
      <UniqueIdentifier>{4FC737F1-C7A5-4376-A066-2A32D752A2FF}</UniqueIdentifier>
      <Extensions>cpp;c;cc;cxx;c++;cppm;ixx;def;odl;idl;hpj;bat;asm;asmx</Extensions>
    </Filter>
    <Filter Include="Header Files">
      <UniqueIdentifier>{93995380-89BD-4b04-88EB-625FBE52EBFB}</UniqueIdentifier>
      <Extensions>h;hh;hpp;hxx;h++;hm;inl;inc;ipp;xsd</Extensions>
    </Filter>
    <Filter Include="Resource Files">
      <UniqueIdentifier>{67DA6AB6-F800-4c08-8B7A-83BB121AAD01}</UniqueIdentifier>
      <Extensions>rc;ico;cur;bmp;dlg;rc2;rct;bin;rgs;gif;jpg;jpeg;jpe;resx;tiff;tif;png;wav;mfcribbon-ms</Extensions>
    </Filter>
    <Filter Include="Source Files\SporeModManagerHelpers">
      <UniqueIdentifier>{61ad4daa-3baa-44fa-a0fb-98a6919882c7}</UniqueIdentifier>
    </Filter>
    <Filter Include="Source Files\3rdParty">
      <UniqueIdentifier>{6ef044f3-19a0-44ec-b9cc-4163e4c0a2d6}</UniqueIdentifier>
    </Filter>
    <Filter Include="Source Files\3rdParty\minizip">
      <UniqueIdentifier>{c8b1b946-c638-47a9-a404-6674639fb364}</UniqueIdentifier>
    </Filter>
    <Filter Include="Source Files\3rdParty\tinyxml2">
      <UniqueIdentifier>{b88d4cd0-62a5-4033-a17e-38574d8fa513}</UniqueIdentifier>
    </Filter>
    <Filter Include="Source Files\3rdParty\zlib">
      <UniqueIdentifier>{a6d9c111-91ba-4900-acf6-60049f263cea}</UniqueIdentifier>
    </Filter>
    <Filter Include="Header Files\SporeModManagerHelpers">
      <UniqueIdentifier>{9e43d5cf-31db-4c9d-946e-0dba04fb85fe}</UniqueIdentifier>
    </Filter>
  </ItemGroup>
  <ItemGroup>
    <ClCompile Include="main.cpp">
      <Filter>Source Files</Filter>
    </ClCompile>
    <ClCompile Include="SporeModManager.cpp">
      <Filter>Source Files</Filter>
    </ClCompile>
    <ClCompile Include="SporeModManagerHelpers\UI.cpp">
      <Filter>Source Files\SporeModManagerHelpers</Filter>
    </ClCompile>
    <ClCompile Include="SporeModManagerHelpers\SporeMod.cpp">
      <Filter>Source Files\SporeModManagerHelpers</Filter>
    </ClCompile>
    <ClCompile Include="SporeModManagerHelpers\Zip.cpp">
      <Filter>Source Files\SporeModManagerHelpers</Filter>
    </ClCompile>
    <ClCompile Include="SporeModManagerHelpers\SporeModXml.cpp">
      <Filter>Source Files\SporeModManagerHelpers</Filter>
    </ClCompile>
    <ClCompile Include="SporeModManagerHelpers\Path.cpp">
      <Filter>Source Files\SporeModManagerHelpers</Filter>
    </ClCompile>
    <ClCompile Include="SporeModManagerHelpers\String.cpp">
      <Filter>Source Files\SporeModManagerHelpers</Filter>
    </ClCompile>
    <ClCompile Include="SporeModManagerHelpers\Download.cpp">
      <Filter>Source Files\SporeModManagerHelpers</Filter>
    </ClCompile>
    <ClCompile Include="SporeModManagerHelpers\FileVersion.cpp">
      <Filter>Source Files\SporeModManagerHelpers</Filter>
    </ClCompile>
    <ClCompile Include="..\3rdParty\zlib\adler32.c">
      <Filter>Source Files\3rdParty\zlib</Filter>
    </ClCompile>
    <ClCompile Include="..\3rdParty\zlib\crc32.c">
      <Filter>Source Files\3rdParty\zlib</Filter>
    </ClCompile>
    <ClCompile Include="..\3rdParty\zlib\inffast.c">
      <Filter>Source Files\3rdParty\zlib</Filter>
    </ClCompile>
    <ClCompile Include="..\3rdParty\zlib\inflate.c">
      <Filter>Source Files\3rdParty\zlib</Filter>
    </ClCompile>
    <ClCompile Include="..\3rdParty\zlib\inftrees.c">
      <Filter>Source Files\3rdParty\zlib</Filter>
    </ClCompile>
    <ClCompile Include="..\3rdParty\zlib\zutil.c">
      <Filter>Source Files\3rdParty\zlib</Filter>
    </ClCompile>
    <ClCompile Include="..\3rdParty\zlib\contrib\minizip\unzip.c">
      <Filter>Source Files\3rdParty\minizip</Filter>
    </ClCompile>
    <ClCompile Include="..\3rdParty\zlib\contrib\minizip\ioapi.c">
      <Filter>Source Files\3rdParty\minizip</Filter>
    </ClCompile>
    <ClCompile Include="..\3rdParty\tinyxml2\tinyxml2.cpp">
      <Filter>Source Files\3rdParty\tinyxml2</Filter>
    </ClCompile>
  </ItemGroup>
  <ItemGroup>
    <ClInclude Include="..\3rdParty\tinyxml2\tinyxml2.h">
      <Filter>Header Files</Filter>
    </ClInclude>
    <ClInclude Include="SporeModManager.hpp">
      <Filter>Header Files</Filter>
    </ClInclude>
    <ClInclude Include="..\3rdParty\zlib\contrib\minizip\unzip.h">
      <Filter>Header Files</Filter>
    </ClInclude>
    <ClInclude Include="resource.h">
      <Filter>Header Files</Filter>
    </ClInclude>
    <ClInclude Include="..\version.h">
      <Filter>Header Files</Filter>
    </ClInclude>
    <ClInclude Include="SporeModManagerHelpers\Download.hpp">
      <Filter>Header Files\SporeModManagerHelpers</Filter>
    </ClInclude>
    <ClInclude Include="SporeModManagerHelpers\FileVersion.hpp">
      <Filter>Header Files\SporeModManagerHelpers</Filter>
    </ClInclude>
    <ClInclude Include="SporeModManagerHelpers\Path.hpp">
      <Filter>Header Files\SporeModManagerHelpers</Filter>
    </ClInclude>
    <ClInclude Include="SporeModManagerHelpers\SporeMod.hpp">
      <Filter>Header Files\SporeModManagerHelpers</Filter>
    </ClInclude>
    <ClInclude Include="SporeModManagerHelpers\SporeModXml.hpp">
      <Filter>Header Files\SporeModManagerHelpers</Filter>
    </ClInclude>
    <ClInclude Include="SporeModManagerHelpers\String.hpp">
      <Filter>Header Files\SporeModManagerHelpers</Filter>
    </ClInclude>
    <ClInclude Include="SporeModManagerHelpers\UI.hpp">
      <Filter>Header Files\SporeModManagerHelpers</Filter>
    </ClInclude>
    <ClInclude Include="SporeModManagerHelpers\Zip.hpp">
      <Filter>Header Files\SporeModManagerHelpers</Filter>
    </ClInclude>
  </ItemGroup>
  <ItemGroup>
    <ResourceCompile Include="version.rc">
      <Filter>Resource Files</Filter>
    </ResourceCompile>
  </ItemGroup>
</Project>